PODS:
  - Animate (0.1.6):
    - pop (~> 1.0.7)
  - pop (1.0.9)

DEPENDENCIES:
  - Animate (from `../`)

EXTERNAL SOURCES:
  Animate:
    :path: "../"

SPEC CHECKSUMS:
  Animate: 4d04fe528ef94bca6977b656a6a8887732802a35
  pop: f667631a5108a2e60d9e8797c9b32ddaf2080bce

PODFILE CHECKSUM: 2a0b3bef0903406215ee74fa9e929531428f4421

COCOAPODS: 1.0.1
